{
  "name": "error-if-array-item-is-not-number",
  "version": "1.0.1",
  "lockfileVersion": 1,
  "requires": true,
  "dependencies": {
    "@writetome51/not": {
      "version": "1.0.3",
      "resolved": "https://registry.npmjs.org/@writetome51/not/-/not-1.0.3.tgz",
      "integrity": "sha512-MJrh50byG0cBuqhrSRMYxGGmYr5BVb7T6OmFeqL8pFuNUFh/lUIXFXScsYM0jlVYmKDhnYJg+QZTOFvvCdzuRw=="
    },
    "basic-data-handling": {
      "version": "1.0.10",
      "resolved": "https://registry.npmjs.org/basic-data-handling/-/basic-data-handling-1.0.10.tgz",
      "integrity": "sha512-NKsdi16famaztrlVVmo7ee364OHtziB9rOjURERR/bicutlgKwSgoTQjusOnrJYha/mW7HbjcKwU3TZ7td0mdg=="
    }
  }
}
